
Microsoft Visual Studio Solution File, Format Version 12.00
# Visual Studio Version 17
VisualStudioVersion = 17.9.34310.174
MinimumVisualStudioVersion = 10.0.40219.1
Project("{9A19103F-16F7-4668-BE54-9A1E7A4F7556}") = "GoogleOAuthExample", "GoogleOAuthExample.csproj", "{B3005FB3-D25C-441B-A053-8E6C4D3CA5F9}"
EndProject
Global
	GlobalSection(SolutionConfigurationPlatforms) = preSolution
		Debug|Any CPU = Debug|Any CPU
		Release|Any CPU = Release|Any CPU
	EndGlobalSection
	GlobalSection(ProjectConfigurationPlatforms) = postSolution
		{B3005FB3-D25C-441B-A053-8E6C4D3CA5F9}.Debug|Any CPU.ActiveCfg = Debug|Any CPU
		{B3005FB3-D25C-441B-A053-8E6C4D3CA5F9}.Debug|Any CPU.Build.0 = Debug|Any CPU
		{B3005FB3-D25C-441B-A053-8E6C4D3CA5F9}.Release|Any CPU.ActiveCfg = Release|Any CPU
		{B3005FB3-D25C-441B-A053-8E6C4D3CA5F9}.Release|Any CPU.Build.0 = Release|Any CPU
	EndGlobalSection
	GlobalSection(SolutionProperties) = preSolution
		HideSolutionNode = FALSE
	EndGlobalSection
	GlobalSection(ExtensibilityGlobals) = postSolution
		SolutionGuid = {DB049CA3-0758-43B5-B1A1-48924B978BE4}
	EndGlobalSection
EndGlobal
